
Microsoft Visual Studio Solution File, Format Version 12.00
# Visual Studio Version 16
VisualStudioVersion = 16.0.31729.503
MinimumVisualStudioVersion = 10.0.40219.1
Project("{FAE04EC0-301F-11D3-BF4B-00C04F79EFBC}") = "AssignmentOne", "AssignmentOne\AssignmentOne.csproj", "{D86A75DF-DCD0-476D-AE21-4A868C29CE17}"
EndProject
Global
	GlobalSection(SolutionConfigurationPlatforms) = preSolution
		Debug|Any CPU = Debug|Any CPU
		Release|Any CPU = Release|Any CPU
	EndGlobalSection
	GlobalSection(ProjectConfigurationPlatforms) = postSolution
		{D86A75DF-DCD0-476D-AE21-4A868C29CE17}.Debug|Any CPU.ActiveCfg = Debug|Any CPU
		{D86A75DF-DCD0-476D-AE21-4A868C29CE17}.Debug|Any CPU.Build.0 = Debug|Any CPU
		{D86A75DF-DCD0-476D-AE21-4A868C29CE17}.Release|Any CPU.ActiveCfg = Release|Any CPU
		{D86A75DF-DCD0-476D-AE21-4A868C29CE17}.Release|Any CPU.Build.0 = Release|Any CPU
	EndGlobalSection
	GlobalSection(SolutionProperties) = preSolution
		HideSolutionNode = FALSE
	EndGlobalSection
	GlobalSection(ExtensibilityGlobals) = postSolution
		SolutionGuid = {EC38B1F3-BB86-42CD-8267-F048BD1BBC14}
	EndGlobalSection
EndGlobal
